
Microsoft Visual Studio Solution File, Format Version 12.00
# Visual Studio Version 16
VisualStudioVersion = 16.0.30002.166
MinimumVisualStudioVersion = 10.0.40219.1
Project("{FAE04EC0-301F-11D3-BF4B-00C04F79EFBC}") = "CrudEmpCore", "CrudEmpCore\CrudEmpCore.csproj", "{071C0BD0-71C6-40AF-9EAD-2662056B2FAC}"
EndProject
Global
	GlobalSection(SolutionConfigurationPlatforms) = preSolution
		Debug|Any CPU = Debug|Any CPU
		Release|Any CPU = Release|Any CPU
	EndGlobalSection
	GlobalSection(ProjectConfigurationPlatforms) = postSolution
		{071C0BD0-71C6-40AF-9EAD-2662056B2FAC}.Debug|Any CPU.ActiveCfg = Debug|Any CPU
		{071C0BD0-71C6-40AF-9EAD-2662056B2FAC}.Debug|Any CPU.Build.0 = Debug|Any CPU
		{071C0BD0-71C6-40AF-9EAD-2662056B2FAC}.Release|Any CPU.ActiveCfg = Release|Any CPU
		{071C0BD0-71C6-40AF-9EAD-2662056B2FAC}.Release|Any CPU.Build.0 = Release|Any CPU
	EndGlobalSection
	GlobalSection(SolutionProperties) = preSolution
		HideSolutionNode = FALSE
	EndGlobalSection
	GlobalSection(ExtensibilityGlobals) = postSolution
		SolutionGuid = {7A308954-67C6-489F-852F-B6B61E61004F}
	EndGlobalSection
EndGlobal
